<?xml version="1.0" encoding="utf-8"?>
<Project ToolsVersion="4.0" xmlns="http://schemas.microsoft.com/developer/msbuild/2003">
  <ItemGroup>
    <Filter Include="Source Files">
      <UniqueIdentifier>{4FC737F1-C7A5-4376-A066-2A32D752A2FF}</UniqueIdentifier>
      <Extensions>cpp;c;cc;cxx;def;odl;idl;hpj;bat;asm;asmx</Extensions>
    </Filter>
    <Filter Include="Header Files">
      <UniqueIdentifier>{93995380-89BD-4b04-88EB-625FBE52EBFB}</UniqueIdentifier>
      <Extensions>h;hh;hpp;hxx;hm;inl;inc;xsd</Extensions>
    </Filter>
    <Filter Include="Resource Files">
      <UniqueIdentifier>{67DA6AB6-F800-4c08-8B7A-83BB121AAD01}</UniqueIdentifier>
      <Extensions>rc;ico;cur;bmp;dlg;rc2;rct;bin;rgs;gif;jpg;jpeg;jpe;resx;tiff;tif;png;wav;mfcribbon-ms</Extensions>
    </Filter>
    <Filter Include="Resource Files\convolution">
      <UniqueIdentifier>{993bfb20-ca28-4401-8a8c-986c2376d341}</UniqueIdentifier>
    </Filter>
    <Filter Include="Resource Files\pool">
      <UniqueIdentifier>{4baad805-34d3-493d-91d2-1d8b3de2255b}</UniqueIdentifier>
    </Filter>
    <Filter Include="Resource Files\full">
      <UniqueIdentifier>{592ab4ae-2564-4823-b30e-499be6f76f1b}</UniqueIdentifier>
    </Filter>
    <Filter Include="Resource Files\rbf">
      <UniqueIdentifier>{e79277f8-1942-4344-87ce-7accf1405494}</UniqueIdentifier>
    </Filter>
    <Filter Include="Resource Files\cnn">
      <UniqueIdentifier>{5e76888a-6790-4490-a61f-774ea6ca6d64}</UniqueIdentifier>
    </Filter>
  </ItemGroup>
  <ItemGroup>
    <ClInclude Include="cnn.hpp">
      <Filter>Header Files</Filter>
    </ClInclude>
    <ClInclude Include="util.hpp">
      <Filter>Header Files</Filter>
    </ClInclude>
    <ClInclude Include="layer.hpp">
      <Filter>Header Files</Filter>
    </ClInclude>
    <ClInclude Include="convolution.hpp">
      <Filter>Header Files</Filter>
    </ClInclude>
    <ClInclude Include="test.hpp">
      <Filter>Header Files</Filter>
    </ClInclude>
    <ClInclude Include="maxpool.hpp">
      <Filter>Header Files</Filter>
    </ClInclude>
    <ClInclude Include="fullconnect.hpp">
      <Filter>Header Files</Filter>
    </ClInclude>
    <ClInclude Include="rbf.hpp">
      <Filter>Header Files</Filter>
    </ClInclude>
    <ClInclude Include="eventpool.hpp">
      <Filter>Header Files</Filter>
    </ClInclude>
  </ItemGroup>
  <ItemGroup>
    <ClCompile Include="main.cpp">
      <Filter>Source Files</Filter>
    </ClCompile>
  </ItemGroup>
  <ItemGroup>
    <None Include="kernel\conv1_workgroup.cl">
      <Filter>Resource Files\convolution</Filter>
    </None>
    <None Include="kernel\conv1.cl">
      <Filter>Resource Files\convolution</Filter>
    </None>
    <None Include="kernel\conv1.tcl">
      <Filter>Resource Files\convolution</Filter>
    </None>
    <None Include="kernel\conv1_item_pipeline.cl">
      <Filter>Resource Files\convolution</Filter>
    </None>
    <None Include="kernel\conv1_pipeline.cl">
      <Filter>Resource Files\convolution</Filter>
    </None>
    <None Include="kernel\pool2.cl">
      <Filter>Resource Files\pool</Filter>
    </None>
    <None Include="kernel\full6.cl">
      <Filter>Resource Files\full</Filter>
    </None>
    <None Include="kernel\rbf7.cl">
      <Filter>Resource Files\rbf</Filter>
    </None>
    <None Include="kernel\lenet5.cl">
      <Filter>Resource Files\cnn</Filter>
    </None>
    <None Include="kernel\lenet5.tcl">
      <Filter>Resource Files\cnn</Filter>
    </None>
    <None Include="pool2.tcl">
      <Filter>Resource Files\pool</Filter>
    </None>
    <None Include="kernel\conv1_tile.cl">
      <Filter>Resource Files\convolution</Filter>
    </None>
    <None Include="kernel\conv3_tile.cl">
      <Filter>Resource Files\convolution</Filter>
    </None>
    <None Include="kernel\conv3_tile.tcl">
      <Filter>Resource Files\convolution</Filter>
    </None>
    <None Include="kernel\conv5_tile.cl">
      <Filter>Resource Files\convolution</Filter>
    </None>
    <None Include="kernel\conv5_tile.tcl">
      <Filter>Resource Files\convolution</Filter>
    </None>
    <None Include="kernel\lenet5_final.cl">
      <Filter>Resource Files\cnn</Filter>
    </None>
    <None Include="kernel\lenet5_final.tcl">
      <Filter>Resource Files\cnn</Filter>
    </None>
  </ItemGroup>
  <ItemGroup>
    <Xml Include="kernel\conv1.xml">
      <Filter>Resource Files\convolution</Filter>
    </Xml>
    <Xml Include="kernel\pool2.xml">
      <Filter>Resource Files\pool</Filter>
    </Xml>
    <Xml Include="kernel\full6.xml">
      <Filter>Resource Files\full</Filter>
    </Xml>
    <Xml Include="kernel\rbf7.xml">
      <Filter>Resource Files\rbf</Filter>
    </Xml>
    <Xml Include="kernel\lenet5.xml">
      <Filter>Resource Files\cnn</Filter>
    </Xml>
    <Xml Include="kernel\conv1_tile.xml">
      <Filter>Resource Files\convolution</Filter>
    </Xml>
    <Xml Include="kernel\conv3_tile.xml">
      <Filter>Resource Files\convolution</Filter>
    </Xml>
    <Xml Include="kernel\conv5_tile.xml">
      <Filter>Resource Files\convolution</Filter>
    </Xml>
    <Xml Include="kernel\lenet5_final.xml">
      <Filter>Resource Files\cnn</Filter>
    </Xml>
  </ItemGroup>
</Project>